# THIS IS AN AUTOGENERATED FILE. DO NOT EDIT THIS FILE DIRECTLY.
# yarn lockfile v1


edge-cs@1.2.1:
  version "1.2.1"
  resolved "http://registry.npm.taobao.org/edge-cs/download/edge-cs-1.2.1.tgz#bd1a9ecdb94ef0ed40c894582046749e57045e5a"

edge@*:
  version "7.10.1"
  resolved "http://registry.npm.taobao.org/edge/download/edge-7.10.1.tgz#68386eac102f39724d273cc19aea30091e2b4ae4"
  dependencies:
    edge-cs "1.2.1"
    nan "^2.0.9"

nan@^2.0.9:
  version "2.9.2"
  resolved "http://registry.npm.taobao.org/nan/download/nan-2.9.2.tgz#f564d75f5f8f36a6d9456cca7a6c4fe488ab7866"

node-msoffice-pdf@^0.0.7:
  version "0.0.7"
  resolved "http://registry.npm.taobao.org/node-msoffice-pdf/download/node-msoffice-pdf-0.0.7.tgz#cc30e230110d7fd337ed574b0b8cb328a7c32b11"
  dependencies:
    edge "*"

office-to-pdf@^4.0.0:
  version "4.0.0"
  resolved "http://registry.npm.taobao.org/office-to-pdf/download/office-to-pdf-4.0.0.tgz#59d335f44893a20e0196f5f3e7e82ba7d9e89b66"
  dependencies:
    temporary "^0.0.8"
    tmp "^0.0.31"

os-tmpdir@~1.0.1:
  version "1.0.2"
  resolved "http://registry.npm.taobao.org/os-tmpdir/download/os-tmpdir-1.0.2.tgz#bbe67406c79aa85c5cfec766fe5734555dfa1274"

"package@>= 1.0.0 < 1.2.0":
  version "1.0.1"
  resolved "http://registry.npm.taobao.org/package/download/package-1.0.1.tgz#d25a1f99e2506dcb27d6704b83dca8a312e4edcc"

temporary@^0.0.8:
  version "0.0.8"
  resolved "http://registry.npm.taobao.org/temporary/download/temporary-0.0.8.tgz#a18a981d28ba8ca36027fb3c30538c3ecb740ac0"
  dependencies:
    package ">= 1.0.0 < 1.2.0"

tmp@^0.0.31:
  version "0.0.31"
  resolved "http://registry.npm.taobao.org/tmp/download/tmp-0.0.31.tgz#8f38ab9438e17315e5dbd8b3657e8bfb277ae4a7"
  dependencies:
    os-tmpdir "~1.0.1"
